
Microsoft Visual Studio Solution File, Format Version 12.00
# Visual Studio 14
VisualStudioVersion = 14.0.25420.1
MinimumVisualStudioVersion = 10.0.40219.1
Project("{FAE04EC0-301F-11D3-BF4B-00C04F79EFBC}") = "K3CloudAPI", "K3CloudAPI\K3CloudAPI.csproj", "{60237E44-1D7E-472A-A4A2-0F687919EB24}"
EndProject
Project("{FAE04EC0-301F-11D3-BF4B-00C04F79EFBC}") = "frmTest", "frmTest\frmTest.csproj", "{8A6D744C-B735-41B1-9BB4-8A7417FA8E04}"
EndProject
Global
	GlobalSection(SolutionConfigurationPlatforms) = preSolution
		Debug|Any CPU = Debug|Any CPU
		Release|Any CPU = Release|Any CPU
	EndGlobalSection
	GlobalSection(ProjectConfigurationPlatforms) = postSolution
		{60237E44-1D7E-472A-A4A2-0F687919EB24}.Debug|Any CPU.ActiveCfg = Debug|Any CPU
		{60237E44-1D7E-472A-A4A2-0F687919EB24}.Debug|Any CPU.Build.0 = Debug|Any CPU
		{60237E44-1D7E-472A-A4A2-0F687919EB24}.Release|Any CPU.ActiveCfg = Release|Any CPU
		{60237E44-1D7E-472A-A4A2-0F687919EB24}.Release|Any CPU.Build.0 = Release|Any CPU
		{8A6D744C-B735-41B1-9BB4-8A7417FA8E04}.Debug|Any CPU.ActiveCfg = Debug|Any CPU
		{8A6D744C-B735-41B1-9BB4-8A7417FA8E04}.Debug|Any CPU.Build.0 = Debug|Any CPU
		{8A6D744C-B735-41B1-9BB4-8A7417FA8E04}.Release|Any CPU.ActiveCfg = Release|Any CPU
		{8A6D744C-B735-41B1-9BB4-8A7417FA8E04}.Release|Any CPU.Build.0 = Release|Any CPU
	EndGlobalSection
	GlobalSection(SolutionProperties) = preSolution
		HideSolutionNode = FALSE
	EndGlobalSection
EndGlobal
